// !$*UTF8*$!
{
	archiveVersion = 1;
	classes = {
	};
	objectVersion = 46;
	objects = {

/* Begin PBXBuildFile section */
		90C095331F1A041D0006FA7D /* NSString+M2Size.m in Sources */ = {isa = PBXBuildFile; fileRef = 90C095321F1A041D0006FA7D /* NSString+M2Size.m */; };
		90C095361F1A08650006FA7D /* LabelHeightViewController.m in Sources */ = {isa = PBXBuildFile; fileRef = 90C095351F1A08650006FA7D /* LabelHeightViewController.m */; };
		90C095391F1A09910006FA7D /* LabelHeightCell.m in Sources */ = {isa = PBXBuildFile; fileRef = 90C095381F1A09910006FA7D /* LabelHeightCell.m */; };
		90C0953C1F1A0A9D0006FA7D /* M7TempDataGenerator.m in Sources */ = {isa = PBXBuildFile; fileRef = 90C0953B1F1A0A9D0006FA7D /* M7TempDataGenerator.m */; };
		90C095481F1F52C50006FA7D /* LabelHeightCellLayout.m in Sources */ = {isa = PBXBuildFile; fileRef = 90C095471F1F52C50006FA7D /* LabelHeightCellLayout.m */; };
		90C0954A1F1F61400006FA7D /* font.png in Resources */ = {isa = PBXBuildFile; fileRef = 90C095491F1F61400006FA7D /* font.png */; };
		90C0954D1F1F68240006FA7D /* LabelHeightData.m in Sources */ = {isa = PBXBuildFile; fileRef = 90C0954C1F1F68240006FA7D /* LabelHeightData.m */; };
		90C095501F1F6A490006FA7D /* LabelHeightData+Layout.m in Sources */ = {isa = PBXBuildFile; fileRef = 90C0954F1F1F6A490006FA7D /* LabelHeightData+Layout.m */; };
		90C095531F1FA3DC0006FA7D /* ButtonViewController.m in Sources */ = {isa = PBXBuildFile; fileRef = 90C095521F1FA3DC0006FA7D /* ButtonViewController.m */; };
		90C0955C1F1FA81E0006FA7D /* UIButton+M2InsetColor.m in Sources */ = {isa = PBXBuildFile; fileRef = 90C0955B1F1FA81E0006FA7D /* UIButton+M2InsetColor.m */; };
		90C0955E1F20E8350006FA7D /* iOS@2x.png in Resources */ = {isa = PBXBuildFile; fileRef = 90C0955D1F20E8350006FA7D /* iOS@2x.png */; };
		90D8EC971F17C7FE007C9093 /* main.m in Sources */ = {isa = PBXBuildFile; fileRef = 90D8EC961F17C7FE007C9093 /* main.m */; };
		90D8EC9A1F17C7FE007C9093 /* AppDelegate.m in Sources */ = {isa = PBXBuildFile; fileRef = 90D8EC991F17C7FE007C9093 /* AppDelegate.m */; };
		90D8EC9D1F17C7FE007C9093 /* RootViewController.m in Sources */ = {isa = PBXBuildFile; fileRef = 90D8EC9C1F17C7FE007C9093 /* RootViewController.m */; };
		90D8ECA01F17C7FE007C9093 /* Main.storyboard in Resources */ = {isa = PBXBuildFile; fileRef = 90D8EC9E1F17C7FE007C9093 /* Main.storyboard */; };
		90D8ECA21F17C7FE007C9093 /* Assets.xcassets in Resources */ = {isa = PBXBuildFile; fileRef = 90D8ECA11F17C7FE007C9093 /* Assets.xcassets */; };
		90D8ECA51F17C7FE007C9093 /* LaunchScreen.storyboard in Resources */ = {isa = PBXBuildFile; fileRef = 90D8ECA31F17C7FE007C9093 /* LaunchScreen.storyboard */; };
		90D8ECB31F17CD28007C9093 /* LabelViewController.m in Sources */ = {isa = PBXBuildFile; fileRef = 90D8ECB21F17CD28007C9093 /* LabelViewController.m */; };
/* End PBXBuildFile section */

/* Begin PBXFileReference section */
		90C095311F1A041D0006FA7D /* NSString+M2Size.h */ = {isa = PBXFileReference; fileEncoding = 4; lastKnownFileType = sourcecode.c.h; path = "NSString+M2Size.h"; sourceTree = "<group>"; };
		90C095321F1A041D0006FA7D /* NSString+M2Size.m */ = {isa = PBXFileReference; fileEncoding = 4; lastKnownFileType = sourcecode.c.objc; path = "NSString+M2Size.m"; sourceTree = "<group>"; };
		90C095341F1A08650006FA7D /* LabelHeightViewController.h */ = {isa = PBXFileReference; fileEncoding = 4; lastKnownFileType = sourcecode.c.h; path = LabelHeightViewController.h; sourceTree = "<group>"; };
		90C095351F1A08650006FA7D /* LabelHeightViewController.m */ = {isa = PBXFileReference; fileEncoding = 4; lastKnownFileType = sourcecode.c.objc; path = LabelHeightViewController.m; sourceTree = "<group>"; };
		90C095371F1A09910006FA7D /* LabelHeightCell.h */ = {isa = PBXFileReference; fileEncoding = 4; lastKnownFileType = sourcecode.c.h; path = LabelHeightCell.h; sourceTree = "<group>"; };
		90C095381F1A09910006FA7D /* LabelHeightCell.m */ = {isa = PBXFileReference; fileEncoding = 4; lastKnownFileType = sourcecode.c.objc; path = LabelHeightCell.m; sourceTree = "<group>"; };
		90C0953A1F1A0A9D0006FA7D /* M7TempDataGenerator.h */ = {isa = PBXFileReference; fileEncoding = 4; lastKnownFileType = sourcecode.c.h; path = M7TempDataGenerator.h; sourceTree = "<group>"; };
		90C0953B1F1A0A9D0006FA7D /* M7TempDataGenerator.m */ = {isa = PBXFileReference; fileEncoding = 4; lastKnownFileType = sourcecode.c.objc; path = M7TempDataGenerator.m; sourceTree = "<group>"; };
		90C095461F1F52C50006FA7D /* LabelHeightCellLayout.h */ = {isa = PBXFileReference; fileEncoding = 4; lastKnownFileType = sourcecode.c.h; path = LabelHeightCellLayout.h; sourceTree = "<group>"; };
		90C095471F1F52C50006FA7D /* LabelHeightCellLayout.m */ = {isa = PBXFileReference; fileEncoding = 4; lastKnownFileType = sourcecode.c.objc; path = LabelHeightCellLayout.m; sourceTree = "<group>"; };
		90C095491F1F61400006FA7D /* font.png */ = {isa = PBXFileReference; lastKnownFileType = image.png; path = font.png; sourceTree = "<group>"; };
		90C0954B1F1F68240006FA7D /* LabelHeightData.h */ = {isa = PBXFileReference; fileEncoding = 4; lastKnownFileType = sourcecode.c.h; path = LabelHeightData.h; sourceTree = "<group>"; };
		90C0954C1F1F68240006FA7D /* LabelHeightData.m */ = {isa = PBXFileReference; fileEncoding = 4; lastKnownFileType = sourcecode.c.objc; path = LabelHeightData.m; sourceTree = "<group>"; };
		90C0954E1F1F6A490006FA7D /* LabelHeightData+Layout.h */ = {isa = PBXFileReference; fileEncoding = 4; lastKnownFileType = sourcecode.c.h; path = "LabelHeightData+Layout.h"; sourceTree = "<group>"; };
		90C0954F1F1F6A490006FA7D /* LabelHeightData+Layout.m */ = {isa = PBXFileReference; fileEncoding = 4; lastKnownFileType = sourcecode.c.objc; path = "LabelHeightData+Layout.m"; sourceTree = "<group>"; };
		90C095511F1FA3DC0006FA7D /* ButtonViewController.h */ = {isa = PBXFileReference; fileEncoding = 4; lastKnownFileType = sourcecode.c.h; path = ButtonViewController.h; sourceTree = "<group>"; };
		90C095521F1FA3DC0006FA7D /* ButtonViewController.m */ = {isa = PBXFileReference; fileEncoding = 4; lastKnownFileType = sourcecode.c.objc; path = ButtonViewController.m; sourceTree = "<group>"; };
		90C0955A1F1FA81E0006FA7D /* UIButton+M2InsetColor.h */ = {isa = PBXFileReference; fileEncoding = 4; lastKnownFileType = sourcecode.c.h; path = "UIButton+M2InsetColor.h"; sourceTree = "<group>"; };
		90C0955B1F1FA81E0006FA7D /* UIButton+M2InsetColor.m */ = {isa = PBXFileReference; fileEncoding = 4; lastKnownFileType = sourcecode.c.objc; path = "UIButton+M2InsetColor.m"; sourceTree = "<group>"; };
		90C0955D1F20E8350006FA7D /* iOS@2x.png */ = {isa = PBXFileReference; lastKnownFileType = image.png; path = "iOS@2x.png"; sourceTree = "<group>"; };
		90D8EC921F17C7FE007C9093 /* MHelloLabelTextButton.app */ = {isa = PBXFileReference; explicitFileType = wrapper.application; includeInIndex = 0; path = MHelloLabelTextButton.app; sourceTree = BUILT_PRODUCTS_DIR; };
		90D8EC961F17C7FE007C9093 /* main.m */ = {isa = PBXFileReference; lastKnownFileType = sourcecode.c.objc; path = main.m; sourceTree = "<group>"; };
		90D8EC981F17C7FE007C9093 /* AppDelegate.h */ = {isa = PBXFileReference; lastKnownFileType = sourcecode.c.h; path = AppDelegate.h; sourceTree = "<group>"; };
		90D8EC991F17C7FE007C9093 /* AppDelegate.m */ = {isa = PBXFileReference; lastKnownFileType = sourcecode.c.objc; path = AppDelegate.m; sourceTree = "<group>"; };
		90D8EC9B1F17C7FE007C9093 /* RootViewController.h */ = {isa = PBXFileReference; lastKnownFileType = sourcecode.c.h; path = RootViewController.h; sourceTree = "<group>"; };
		90D8EC9C1F17C7FE007C9093 /* RootViewController.m */ = {isa = PBXFileReference; lastKnownFileType = sourcecode.c.objc; path = RootViewController.m; sourceTree = "<group>"; };
		90D8EC9F1F17C7FE007C9093 /* Base */ = {isa = PBXFileReference; lastKnownFileType = file.storyboard; name = Base; path = Base.lproj/Main.storyboard; sourceTree = "<group>"; };
		90D8ECA11F17C7FE007C9093 /* Assets.xcassets */ = {isa = PBXFileReference; lastKnownFileType = folder.assetcatalog; path = Assets.xcassets; sourceTree = "<group>"; };
		90D8ECA41F17C7FE007C9093 /* Base */ = {isa = PBXFileReference; lastKnownFileType = file.storyboard; name = Base; path = Base.lproj/LaunchScreen.storyboard; sourceTree = "<group>"; };
		90D8ECA61F17C7FE007C9093 /* Info.plist */ = {isa = PBXFileReference; lastKnownFileType = text.plist.xml; path = Info.plist; sourceTree = "<group>"; };
		90D8ECB11F17CD28007C9093 /* LabelViewController.h */ = {isa = PBXFileReference; fileEncoding = 4; lastKnownFileType = sourcecode.c.h; path = LabelViewController.h; sourceTree = "<group>"; };
		90D8ECB21F17CD28007C9093 /* LabelViewController.m */ = {isa = PBXFileReference; fileEncoding = 4; lastKnownFileType = sourcecode.c.objc; path = LabelViewController.m; sourceTree = "<group>"; };
/* End PBXFileReference section */

/* Begin PBXFrameworksBuildPhase section */
		90D8EC8F1F17C7FE007C9093 /* Frameworks */ = {
			isa = PBXFrameworksBuildPhase;
			buildActionMask = 2147483647;
			files = (
			);
			runOnlyForDeploymentPostprocessing = 0;
		};
/* End PBXFrameworksBuildPhase section */

/* Begin PBXGroup section */
		90C095301F1A04000006FA7D /* M2 */ = {
			isa = PBXGroup;
			children = (
				90C095311F1A041D0006FA7D /* NSString+M2Size.h */,
				90C095321F1A041D0006FA7D /* NSString+M2Size.m */,
				90C0953A1F1A0A9D0006FA7D /* M7TempDataGenerator.h */,
				90C0953B1F1A0A9D0006FA7D /* M7TempDataGenerator.m */,
				90C0955A1F1FA81E0006FA7D /* UIButton+M2InsetColor.h */,
				90C0955B1F1FA81E0006FA7D /* UIButton+M2InsetColor.m */,
			);
			path = M2;
			sourceTree = "<group>";
		};
		90D8EC891F17C7FE007C9093 = {
			isa = PBXGroup;
			children = (
				90D8EC941F17C7FE007C9093 /* MHelloLabelTextButton */,
				90D8EC931F17C7FE007C9093 /* Products */,
			);
			sourceTree = "<group>";
		};
		90D8EC931F17C7FE007C9093 /* Products */ = {
			isa = PBXGroup;
			children = (
				90D8EC921F17C7FE007C9093 /* MHelloLabelTextButton.app */,
			);
			name = Products;
			sourceTree = "<group>";
		};
		90D8EC941F17C7FE007C9093 /* MHelloLabelTextButton */ = {
			isa = PBXGroup;
			children = (
				90D8EC981F17C7FE007C9093 /* AppDelegate.h */,
				90D8EC991F17C7FE007C9093 /* AppDelegate.m */,
				90D8EC9B1F17C7FE007C9093 /* RootViewController.h */,
				90D8EC9C1F17C7FE007C9093 /* RootViewController.m */,
				90D8EC9E1F17C7FE007C9093 /* Main.storyboard */,
				90D8ECAC1F17CCFB007C9093 /* UI */,
				90D8ECA11F17C7FE007C9093 /* Assets.xcassets */,
				90D8ECA31F17C7FE007C9093 /* LaunchScreen.storyboard */,
				90D8ECA61F17C7FE007C9093 /* Info.plist */,
				90D8EC951F17C7FE007C9093 /* Supporting Files */,
			);
			path = MHelloLabelTextButton;
			sourceTree = "<group>";
		};
		90D8EC951F17C7FE007C9093 /* Supporting Files */ = {
			isa = PBXGroup;
			children = (
				90D8EC961F17C7FE007C9093 /* main.m */,
			);
			name = "Supporting Files";
			sourceTree = "<group>";
		};
		90D8ECAC1F17CCFB007C9093 /* UI */ = {
			isa = PBXGroup;
			children = (
				90C095301F1A04000006FA7D /* M2 */,
				90D8ECAE1F17CCFB007C9093 /* Label */,
				90D8ECAD1F17CCFB007C9093 /* Button */,
				90D8ECAF1F17CCFB007C9093 /* TextField */,
				90D8ECB01F17CCFB007C9093 /* TextView */,
			);
			name = UI;
			path = Sources/UI;
			sourceTree = "<group>";
		};
		90D8ECAD1F17CCFB007C9093 /* Button */ = {
			isa = PBXGroup;
			children = (
				90C095511F1FA3DC0006FA7D /* ButtonViewController.h */,
				90C095521F1FA3DC0006FA7D /* ButtonViewController.m */,
				90C0955D1F20E8350006FA7D /* iOS@2x.png */,
			);
			path = Button;
			sourceTree = "<group>";
		};
		90D8ECAE1F17CCFB007C9093 /* Label */ = {
			isa = PBXGroup;
			children = (
				90D8ECB11F17CD28007C9093 /* LabelViewController.h */,
				90D8ECB21F17CD28007C9093 /* LabelViewController.m */,
				90C095491F1F61400006FA7D /* font.png */,
				90C095341F1A08650006FA7D /* LabelHeightViewController.h */,
				90C095351F1A08650006FA7D /* LabelHeightViewController.m */,
				90C095371F1A09910006FA7D /* LabelHeightCell.h */,
				90C095381F1A09910006FA7D /* LabelHeightCell.m */,
				90C095461F1F52C50006FA7D /* LabelHeightCellLayout.h */,
				90C095471F1F52C50006FA7D /* LabelHeightCellLayout.m */,
				90C0954B1F1F68240006FA7D /* LabelHeightData.h */,
				90C0954C1F1F68240006FA7D /* LabelHeightData.m */,
				90C0954E1F1F6A490006FA7D /* LabelHeightData+Layout.h */,
				90C0954F1F1F6A490006FA7D /* LabelHeightData+Layout.m */,
			);
			path = Label;
			sourceTree = "<group>";
		};
		90D8ECAF1F17CCFB007C9093 /* TextField */ = {
			isa = PBXGroup;
			children = (
			);
			path = TextField;
			sourceTree = "<group>";
		};
		90D8ECB01F17CCFB007C9093 /* TextView */ = {
			isa = PBXGroup;
			children = (
			);
			path = TextView;
			sourceTree = "<group>";
		};
/* End PBXGroup section */

/* Begin PBXNativeTarget section */
		90D8EC911F17C7FE007C9093 /* MHelloLabelTextButton */ = {
			isa = PBXNativeTarget;
			buildConfigurationList = 90D8ECA91F17C7FE007C9093 /* Build configuration list for PBXNativeTarget "MHelloLabelTextButton" */;
			buildPhases = (
				90D8EC8E1F17C7FE007C9093 /* Sources */,
				90D8EC8F1F17C7FE007C9093 /* Frameworks */,
				90D8EC901F17C7FE007C9093 /* Resources */,
			);
			buildRules = (
			);
			dependencies = (
			);
			name = MHelloLabelTextButton;
			productName = MHelloLabelTextButton;
			productReference = 90D8EC921F17C7FE007C9093 /* MHelloLabelTextButton.app */;
			productType = "com.apple.product-type.application";
		};
/* End PBXNativeTarget section */

/* Begin PBXProject section */
		90D8EC8A1F17C7FE007C9093 /* Project object */ = {
			isa = PBXProject;
			attributes = {
				LastUpgradeCheck = 0800;
				ORGANIZATIONNAME = chenms.m2;
				TargetAttributes = {
					90D8EC911F17C7FE007C9093 = {
						CreatedOnToolsVersion = 8.0;
						ProvisioningStyle = Automatic;
					};
				};
			};
			buildConfigurationList = 90D8EC8D1F17C7FE007C9093 /* Build configuration list for PBXProject "MHelloLabelTextButton" */;
			compatibilityVersion = "Xcode 3.2";
			developmentRegion = English;
			hasScannedForEncodings = 0;
			knownRegions = (
				en,
				Base,
			);
			mainGroup = 90D8EC891F17C7FE007C9093;
			productRefGroup = 90D8EC931F17C7FE007C9093 /* Products */;
			projectDirPath = "";
			projectRoot = "";
			targets = (
				90D8EC911F17C7FE007C9093 /* MHelloLabelTextButton */,
			);
		};
/* End PBXProject section */

/* Begin PBXResourcesBuildPhase section */
		90D8EC901F17C7FE007C9093 /* Resources */ = {
			isa = PBXResourcesBuildPhase;
			buildActionMask = 2147483647;
			files = (
				90D8ECA51F17C7FE007C9093 /* LaunchScreen.storyboard in Resources */,
				90D8ECA21F17C7FE007C9093 /* Assets.xcassets in Resources */,
				90D8ECA01F17C7FE007C9093 /* Main.storyboard in Resources */,
				90C0955E1F20E8350006FA7D /* iOS@2x.png in Resources */,
				90C0954A1F1F61400006FA7D /* font.png in Resources */,
			);
			runOnlyForDeploymentPostprocessing = 0;
		};
/* End PBXResourcesBuildPhase section */

/* Begin PBXSourcesBuildPhase section */
		90D8EC8E1F17C7FE007C9093 /* Sources */ = {
			isa = PBXSourcesBuildPhase;
			buildActionMask = 2147483647;
			files = (
				90C095481F1F52C50006FA7D /* LabelHeightCellLayout.m in Sources */,
				90C0954D1F1F68240006FA7D /* LabelHeightData.m in Sources */,
				90C0955C1F1FA81E0006FA7D /* UIButton+M2InsetColor.m in Sources */,
				90D8EC9D1F17C7FE007C9093 /* RootViewController.m in Sources */,
				90D8EC9A1F17C7FE007C9093 /* AppDelegate.m in Sources */,
				90C095531F1FA3DC0006FA7D /* ButtonViewController.m in Sources */,
				90D8EC971F17C7FE007C9093 /* main.m in Sources */,
				90C095501F1F6A490006FA7D /* LabelHeightData+Layout.m in Sources */,
				90C095331F1A041D0006FA7D /* NSString+M2Size.m in Sources */,
				90C095361F1A08650006FA7D /* LabelHeightViewController.m in Sources */,
				90C095391F1A09910006FA7D /* LabelHeightCell.m in Sources */,
				90C0953C1F1A0A9D0006FA7D /* M7TempDataGenerator.m in Sources */,
				90D8ECB31F17CD28007C9093 /* LabelViewController.m in Sources */,
			);
			runOnlyForDeploymentPostprocessing = 0;
		};
/* End PBXSourcesBuildPhase section */

/* Begin PBXVariantGroup section */
		90D8EC9E1F17C7FE007C9093 /* Main.storyboard */ = {
			isa = PBXVariantGroup;
			children = (
				90D8EC9F1F17C7FE007C9093 /* Base */,
			);
			name = Main.storyboard;
			sourceTree = "<group>";
		};
		90D8ECA31F17C7FE007C9093 /* LaunchScreen.storyboard */ = {
			isa = PBXVariantGroup;
			children = (
				90D8ECA41F17C7FE007C9093 /* Base */,
			);
			name = LaunchScreen.storyboard;
			sourceTree = "<group>";
		};
/* End PBXVariantGroup section */

/* Begin XCBuildConfiguration section */
		90D8ECA71F17C7FE007C9093 /* Debug */ = {
			isa = XCBuildConfiguration;
			buildSettings = {
				ALWAYS_SEARCH_USER_PATHS = NO;
				CLANG_ANALYZER_NONNULL = YES;
				CLANG_CXX_LANGUAGE_STANDARD = "gnu++0x";
				CLANG_CXX_LIBRARY = "libc++";
				CLANG_ENABLE_MODULES = YES;
				CLANG_ENABLE_OBJC_ARC = YES;
				CLANG_WARN_BOOL_CONVERSION = YES;
				CLANG_WARN_CONSTANT_CONVERSION = YES;
				CLANG_WARN_DIRECT_OBJC_ISA_USAGE = YES_ERROR;
				CLANG_WARN_DOCUMENTATION_COMMENTS = YES;
				CLANG_WARN_EMPTY_BODY = YES;
				CLANG_WARN_ENUM_CONVERSION = YES;
				CLANG_WARN_INFINITE_RECURSION = YES;
				CLANG_WARN_INT_CONVERSION = YES;
				CLANG_WARN_OBJC_ROOT_CLASS = YES_ERROR;
				CLANG_WARN_SUSPICIOUS_MOVES = YES;
				CLANG_WARN_UNREACHABLE_CODE = YES;
				CLANG_WARN__DUPLICATE_METHOD_MATCH = YES;
				"CODE_SIGN_IDENTITY[sdk=iphoneos*]" = "iPhone Developer";
				COPY_PHASE_STRIP = NO;
				DEBUG_INFORMATION_FORMAT = dwarf;
				ENABLE_STRICT_OBJC_MSGSEND = YES;
				ENABLE_TESTABILITY = YES;
				GCC_C_LANGUAGE_STANDARD = gnu99;
				GCC_DYNAMIC_NO_PIC = NO;
				GCC_NO_COMMON_BLOCKS = YES;
				GCC_OPTIMIZATION_LEVEL = 0;
				GCC_PREPROCESSOR_DEFINITIONS = (
					"DEBUG=1",
					"$(inherited)",
				);
				GCC_WARN_64_TO_32_BIT_CONVERSION = YES;
				GCC_WARN_ABOUT_RETURN_TYPE = YES_ERROR;
				GCC_WARN_UNDECLARED_SELECTOR = YES;
				GCC_WARN_UNINITIALIZED_AUTOS = YES_AGGRESSIVE;
				GCC_WARN_UNUSED_FUNCTION = YES;
				GCC_WARN_UNUSED_VARIABLE = YES;
				IPHONEOS_DEPLOYMENT_TARGET = 8.0;
				MTL_ENABLE_DEBUG_INFO = YES;
				ONLY_ACTIVE_ARCH = YES;
				SDKROOT = iphoneos;
				TARGETED_DEVICE_FAMILY = "1,2";
			};
			name = Debug;
		};
		90D8ECA81F17C7FE007C9093 /* Release */ = {
			isa = XCBuildConfiguration;
			buildSettings = {
				ALWAYS_SEARCH_USER_PATHS = NO;
				CLANG_ANALYZER_NONNULL = YES;
				CLANG_CXX_LANGUAGE_STANDARD = "gnu++0x";
				CLANG_CXX_LIBRARY = "libc++";
				CLANG_ENABLE_MODULES = YES;
				CLANG_ENABLE_OBJC_ARC = YES;
				CLANG_WARN_BOOL_CONVERSION = YES;
				CLANG_WARN_CONSTANT_CONVERSION = YES;
				CLANG_WARN_DIRECT_OBJC_ISA_USAGE = YES_ERROR;
				CLANG_WARN_DOCUMENTATION_COMMENTS = YES;
				CLANG_WARN_EMPTY_BODY = YES;
				CLANG_WARN_ENUM_CONVERSION = YES;
				CLANG_WARN_INFINITE_RECURSION = YES;
				CLANG_WARN_INT_CONVERSION = YES;
				CLANG_WARN_OBJC_ROOT_CLASS = YES_ERROR;
				CLANG_WARN_SUSPICIOUS_MOVES = YES;
				CLANG_WARN_UNREACHABLE_CODE = YES;
				CLANG_WARN__DUPLICATE_METHOD_MATCH = YES;
				"CODE_SIGN_IDENTITY[sdk=iphoneos*]" = "iPhone Developer";
				COPY_PHASE_STRIP = NO;
				DEBUG_INFORMATION_FORMAT = "dwarf-with-dsym";
				ENABLE_NS_ASSERTIONS = NO;
				ENABLE_STRICT_OBJC_MSGSEND = YES;
				GCC_C_LANGUAGE_STANDARD = gnu99;
				GCC_NO_COMMON_BLOCKS = YES;
				GCC_WARN_64_TO_32_BIT_CONVERSION = YES;
				GCC_WARN_ABOUT_RETURN_TYPE = YES_ERROR;
				GCC_WARN_UNDECLARED_SELECTOR = YES;
				GCC_WARN_UNINITIALIZED_AUTOS = YES_AGGRESSIVE;
				GCC_WARN_UNUSED_FUNCTION = YES;
				GCC_WARN_UNUSED_VARIABLE = YES;
				IPHONEOS_DEPLOYMENT_TARGET = 8.0;
				MTL_ENABLE_DEBUG_INFO = NO;
				SDKROOT = iphoneos;
				TARGETED_DEVICE_FAMILY = "1,2";
				VALIDATE_PRODUCT = YES;
			};
			name = Release;
		};
		90D8ECAA1F17C7FE007C9093 /* Debug */ = {
			isa = XCBuildConfiguration;
			buildSettings = {
				ASSETCATALOG_COMPILER_APPICON_NAME = AppIcon;
				INFOPLIST_FILE = MHelloLabelTextButton/Info.plist;
				LD_RUNPATH_SEARCH_PATHS = "$(inherited) @executable_path/Frameworks";
				PRODUCT_BUNDLE_IDENTIFIER = chenms.m2.MHelloLabelTextButton;
				PRODUCT_NAME = "$(TARGET_NAME)";
			};
			name = Debug;
		};
		90D8ECAB1F17C7FE007C9093 /* Release */ = {
			isa = XCBuildConfiguration;
			buildSettings = {
				ASSETCATALOG_COMPILER_APPICON_NAME = AppIcon;
				INFOPLIST_FILE = MHelloLabelTextButton/Info.plist;
				LD_RUNPATH_SEARCH_PATHS = "$(inherited) @executable_path/Frameworks";
				PRODUCT_BUNDLE_IDENTIFIER = chenms.m2.MHelloLabelTextButton;
				PRODUCT_NAME = "$(TARGET_NAME)";
			};
			name = Release;
		};
/* End XCBuildConfiguration section */

/* Begin XCConfigurationList section */
		90D8EC8D1F17C7FE007C9093 /* Build configuration list for PBXProject "MHelloLabelTextButton" */ = {
			isa = XCConfigurationList;
			buildConfigurations = (
				90D8ECA71F17C7FE007C9093 /* Debug */,
				90D8ECA81F17C7FE007C9093 /* Release */,
			);
			defaultConfigurationIsVisible = 0;
			defaultConfigurationName = Release;
		};
		90D8ECA91F17C7FE007C9093 /* Build configuration list for PBXNativeTarget "MHelloLabelTextButton" */ = {
			isa = XCConfigurationList;
			buildConfigurations = (
				90D8ECAA1F17C7FE007C9093 /* Debug */,
				90D8ECAB1F17C7FE007C9093 /* Release */,
			);
			defaultConfigurationIsVisible = 0;
			defaultConfigurationName = Release;
		};
/* End XCConfigurationList section */
	};
	rootObject = 90D8EC8A1F17C7FE007C9093 /* Project object */;
}
